github.com/golang-jwt/jwt/v5 v5.3.1 h1:kYf81DTWFe7t+1VvL7eS+jKFVWaUnK9cB1qbwn63YCY=
github.com/golang-jwt/jwt/v5 v5.3.1/go.mod h1:fxCRLWMO43lRc8nhHWY6LGqRcf+1gQWArsqaEUEa5bE=
github.com/google/go-cmp v0.6.0 h1:ofyhxvXcZhMsU5ulbFiLKl/XBFqE1GSq7atu8tAmTRI=
github.com/google/go-cmp v0.6.0/go.mod h1:17dUlkBOakJ0+DkrSSNjCkIjxS6bF9zb3elmeNGIjoY=
github.com/its-ernest/juice-mobile v1.2.0 h1:kkwBVsiLeL8m1BD20PPUxoXbwBjshqy0KHI4JTaBVc0=
github.com/its-ernest/juice-mobile v1.2.0/go.mod h1:PTJnl7tue++6lvwStku+iGv86VH6E2oH+OMn2p6mkP4=
github.com/its-ernest/juice-mobile v1.3.0 h1:NTgxrO7dzY5rtnduOhzkfSSSoOMmwUDIBt4MSeZJH3s=
github.com/its-ernest/juice-mobile v1.3.0/go.mod h1:PTJnl7tue++6lvwStku+iGv86VH6E2oH+OMn2p6mkP4=
golang.org/x/mobile v0.0.0-20260520154334-0e4426e1883d h1:pWrEKZvKeqE2xPrylgBjgCyJSpPPt3L2WG2DmA+Xccg=
golang.org/x/mobile v0.0.0-20260520154334-0e4426e1883d/go.mod h1:ltIbhcRzKgwHa4ZxKJeiv0nyzcXUUYCqMyO0Y+vPmXw=
golang.org/x/mod v0.36.0 h1:JJjpVx6myfUsUdAzZuOSTTmRE0PfZeNWzzvKrP7amb4=
golang.org/x/mod v0.36.0/go.mod h1:moc6ELqsWcOw5Ef3xVprK5ul/MvtVvkIXLziUOICjUQ=
golang.org/x/sync v0.20.0 h1:e0PTpb7pjO8GAtTs2dQ6jYa5BWYlMuX047Dco/pItO4=
golang.org/x/sync v0.20.0/go.mod h1:9xrNwdLfx4jkKbNva9FpL6vEN7evnE43NNNJQ2LF3+0=
golang.org/x/tools v0.45.0 h1:18qN3FAooORvApf5XjCXgsuayZOEtXf6JK18I3+ONa8=
golang.org/x/tools v0.45.0/go.mod h1:LuUGqqaXcXMEFEruIVJVm5mgDD8vww/z/SR1gQ4uE/0=
golang.org/x/tools/go/expect v0.1.1-deprecated h1:jpBZDwmgPhXsKZC6WhL20P4b/wmnpsEAGHaNy0n/rJM=
golang.org/x/tools/go/expect v0.1.1-deprecated/go.mod h1:eihoPOH+FgIqa3FpoTwguz/bVUSGBlGQU67vpBeOrBY=
golang.org/x/tools/go/packages/packagestest v0.1.1-deprecated h1:1h2MnaIAIXISqTFKdENegdpAgUXz6NrPEsbIeWaBRvM=
golang.org/x/tools/go/packages/packagestest v0.1.1-deprecated/go.mod h1:RVAQXBGNv1ib0J382/DPCRS/BPnsGebyM1Gj5VSDpG8=
